
Microsoft Visual Studio Solution File, Format Version 12.00
# Visual Studio 2012
Project("{FAE04EC0-301F-11D3-BF4B-00C04F79EFBC}") = "Perilous.Npc.Console", "Perilous.Npc.Console\Perilous.Npc.Console.csproj", "{C75194A7-706E-4F7C-8746-E66C7F56E020}"
EndProject
Project("{FAE04EC0-301F-11D3-BF4B-00C04F79EFBC}") = "Perilous.Npc.Tests", "Perilous.Npc.Tests\Perilous.Npc.Tests.csproj", "{7251B0D7-8503-4D44-A783-C879B93F5785}"
EndProject
Global
	GlobalSection(SolutionConfigurationPlatforms) = preSolution
		Debug|Any CPU = Debug|Any CPU
		Release|Any CPU = Release|Any CPU
	EndGlobalSection
	GlobalSection(ProjectConfigurationPlatforms) = postSolution
		{C75194A7-706E-4F7C-8746-E66C7F56E020}.Debug|Any CPU.ActiveCfg = Debug|Any CPU
		{C75194A7-706E-4F7C-8746-E66C7F56E020}.Debug|Any CPU.Build.0 = Debug|Any CPU
		{C75194A7-706E-4F7C-8746-E66C7F56E020}.Release|Any CPU.ActiveCfg = Release|Any CPU
		{C75194A7-706E-4F7C-8746-E66C7F56E020}.Release|Any CPU.Build.0 = Release|Any CPU
		{7251B0D7-8503-4D44-A783-C879B93F5785}.Debug|Any CPU.ActiveCfg = Debug|Any CPU
		{7251B0D7-8503-4D44-A783-C879B93F5785}.Debug|Any CPU.Build.0 = Debug|Any CPU
		{7251B0D7-8503-4D44-A783-C879B93F5785}.Release|Any CPU.ActiveCfg = Release|Any CPU
		{7251B0D7-8503-4D44-A783-C879B93F5785}.Release|Any CPU.Build.0 = Release|Any CPU
	EndGlobalSection
	GlobalSection(SolutionProperties) = preSolution
		HideSolutionNode = FALSE
	EndGlobalSection
EndGlobal
